{
  "name": "Pant.js",
  "lockfileVersion": 3,
  "requires": true,
  "packages": {
    "": {
      "dependencies": {
        "dygraphs": "^2.2.1"
      }
    },
    "node_modules/dygraphs": {
      "version": "2.2.1",
      "resolved": "https://registry.npmjs.org/dygraphs/-/dygraphs-2.2.1.tgz",
      "integrity": "sha512-xnuvsvh2H/FKvJjTSlXgJpwCOhLOi3u0sHw1gsJg/Bmf29y6bnO14PbTz8MwHOa3GIbKqqgKVBMSOi+Z1gI2Gg=="
    }
  }
}
